
Microsoft Visual Studio Solution File, Format Version 12.00
# Visual Studio 14
VisualStudioVersion = 14.0.25420.1
MinimumVisualStudioVersion = 10.0.40219.1
Project("{FAE04EC0-301F-11D3-BF4B-00C04F79EFBC}") = "ModernKeePass.App", "ModernKeePass\ModernKeePass.App.csproj", "{A0CFC681-769B-405A-8482-0CDEE595A91F}"
EndProject
Project("{FAE04EC0-301F-11D3-BF4B-00C04F79EFBC}") = "ModernKeePass.Lib", "ModernKeePassLib\ModernKeePass.Lib.csproj", "{2E710089-9559-4967-846C-E763DD1F3ACB}"
EndProject
Project("{FAE04EC0-301F-11D3-BF4B-00C04F79EFBC}") = "ModernKeePass.LibTest", "ModernKeePassLib.Test\ModernKeePass.LibTest.csproj", "{0A4279CF-2A67-4868-9906-052E50C25F3B}"
EndProject
Project("{FAE04EC0-301F-11D3-BF4B-00C04F79EFBC}") = "ModernKeePass.AppTest", "ModernKeePassApp.Test\ModernKeePass.AppTest.csproj", "{7E80F5E7-724A-4668-9333-B10F5D75C6D0}"
EndProject
Global
	GlobalSection(SolutionConfigurationPlatforms) = preSolution
		Debug|Any CPU = Debug|Any CPU
		Debug|ARM = Debug|ARM
		Debug|x64 = Debug|x64
		Debug|x86 = Debug|x86
		Release|Any CPU = Release|Any CPU
		Release|ARM = Release|ARM
		Release|x64 = Release|x64
		Release|x86 = Release|x86
	EndGlobalSection
	GlobalSection(ProjectConfigurationPlatforms) = postSolution
		{A0CFC681-769B-405A-8482-0CDEE595A91F}.Debug|Any CPU.ActiveCfg = Debug|Any CPU
		{A0CFC681-769B-405A-8482-0CDEE595A91F}.Debug|Any CPU.Build.0 = Debug|Any CPU
		{A0CFC681-769B-405A-8482-0CDEE595A91F}.Debug|Any CPU.Deploy.0 = Debug|Any CPU
		{A0CFC681-769B-405A-8482-0CDEE595A91F}.Debug|ARM.ActiveCfg = Debug|ARM
		{A0CFC681-769B-405A-8482-0CDEE595A91F}.Debug|ARM.Build.0 = Debug|ARM
		{A0CFC681-769B-405A-8482-0CDEE595A91F}.Debug|ARM.Deploy.0 = Debug|ARM
		{A0CFC681-769B-405A-8482-0CDEE595A91F}.Debug|x64.ActiveCfg = Debug|x64
		{A0CFC681-769B-405A-8482-0CDEE595A91F}.Debug|x64.Build.0 = Debug|x64
		{A0CFC681-769B-405A-8482-0CDEE595A91F}.Debug|x64.Deploy.0 = Debug|x64
		{A0CFC681-769B-405A-8482-0CDEE595A91F}.Debug|x86.ActiveCfg = Debug|x86
		{A0CFC681-769B-405A-8482-0CDEE595A91F}.Debug|x86.Build.0 = Debug|x86
		{A0CFC681-769B-405A-8482-0CDEE595A91F}.Debug|x86.Deploy.0 = Debug|x86
		{A0CFC681-769B-405A-8482-0CDEE595A91F}.Release|Any CPU.ActiveCfg = Release|Any CPU
		{A0CFC681-769B-405A-8482-0CDEE595A91F}.Release|Any CPU.Build.0 = Release|Any CPU
		{A0CFC681-769B-405A-8482-0CDEE595A91F}.Release|Any CPU.Deploy.0 = Release|Any CPU
		{A0CFC681-769B-405A-8482-0CDEE595A91F}.Release|ARM.ActiveCfg = Release|ARM
		{A0CFC681-769B-405A-8482-0CDEE595A91F}.Release|ARM.Build.0 = Release|ARM
		{A0CFC681-769B-405A-8482-0CDEE595A91F}.Release|ARM.Deploy.0 = Release|ARM
		{A0CFC681-769B-405A-8482-0CDEE595A91F}.Release|x64.ActiveCfg = Release|x64
		{A0CFC681-769B-405A-8482-0CDEE595A91F}.Release|x64.Build.0 = Release|x64
		{A0CFC681-769B-405A-8482-0CDEE595A91F}.Release|x64.Deploy.0 = Release|x64
		{A0CFC681-769B-405A-8482-0CDEE595A91F}.Release|x86.ActiveCfg = Release|x86
		{A0CFC681-769B-405A-8482-0CDEE595A91F}.Release|x86.Build.0 = Release|x86
		{A0CFC681-769B-405A-8482-0CDEE595A91F}.Release|x86.Deploy.0 = Release|x86
		{2E710089-9559-4967-846C-E763DD1F3ACB}.Debug|Any CPU.ActiveCfg = Debug|Any CPU
		{2E710089-9559-4967-846C-E763DD1F3ACB}.Debug|Any CPU.Build.0 = Debug|Any CPU
		{2E710089-9559-4967-846C-E763DD1F3ACB}.Debug|ARM.ActiveCfg = Debug|Any CPU
		{2E710089-9559-4967-846C-E763DD1F3ACB}.Debug|ARM.Build.0 = Debug|Any CPU
		{2E710089-9559-4967-846C-E763DD1F3ACB}.Debug|x64.ActiveCfg = Debug|Any CPU
		{2E710089-9559-4967-846C-E763DD1F3ACB}.Debug|x64.Build.0 = Debug|Any CPU
		{2E710089-9559-4967-846C-E763DD1F3ACB}.Debug|x86.ActiveCfg = Debug|Any CPU
		{2E710089-9559-4967-846C-E763DD1F3ACB}.Debug|x86.Build.0 = Debug|Any CPU
		{2E710089-9559-4967-846C-E763DD1F3ACB}.Release|Any CPU.ActiveCfg = Release|Any CPU
		{2E710089-9559-4967-846C-E763DD1F3ACB}.Release|Any CPU.Build.0 = Release|Any CPU
		{2E710089-9559-4967-846C-E763DD1F3ACB}.Release|ARM.ActiveCfg = Release|Any CPU
		{2E710089-9559-4967-846C-E763DD1F3ACB}.Release|ARM.Build.0 = Release|Any CPU
		{2E710089-9559-4967-846C-E763DD1F3ACB}.Release|x64.ActiveCfg = Release|Any CPU
		{2E710089-9559-4967-846C-E763DD1F3ACB}.Release|x64.Build.0 = Release|Any CPU
		{2E710089-9559-4967-846C-E763DD1F3ACB}.Release|x86.ActiveCfg = Release|Any CPU
		{2E710089-9559-4967-846C-E763DD1F3ACB}.Release|x86.Build.0 = Release|Any CPU
		{0A4279CF-2A67-4868-9906-052E50C25F3B}.Debug|Any CPU.ActiveCfg = Debug|Any CPU
		{0A4279CF-2A67-4868-9906-052E50C25F3B}.Debug|Any CPU.Build.0 = Debug|Any CPU
		{0A4279CF-2A67-4868-9906-052E50C25F3B}.Debug|Any CPU.Deploy.0 = Debug|Any CPU
		{0A4279CF-2A67-4868-9906-052E50C25F3B}.Debug|ARM.ActiveCfg = Debug|ARM
		{0A4279CF-2A67-4868-9906-052E50C25F3B}.Debug|ARM.Build.0 = Debug|ARM
		{0A4279CF-2A67-4868-9906-052E50C25F3B}.Debug|ARM.Deploy.0 = Debug|ARM
		{0A4279CF-2A67-4868-9906-052E50C25F3B}.Debug|x64.ActiveCfg = Debug|x64
		{0A4279CF-2A67-4868-9906-052E50C25F3B}.Debug|x64.Build.0 = Debug|x64
		{0A4279CF-2A67-4868-9906-052E50C25F3B}.Debug|x64.Deploy.0 = Debug|x64
		{0A4279CF-2A67-4868-9906-052E50C25F3B}.Debug|x86.ActiveCfg = Debug|x86
		{0A4279CF-2A67-4868-9906-052E50C25F3B}.Debug|x86.Build.0 = Debug|x86
		{0A4279CF-2A67-4868-9906-052E50C25F3B}.Debug|x86.Deploy.0 = Debug|x86
		{0A4279CF-2A67-4868-9906-052E50C25F3B}.Release|Any CPU.ActiveCfg = Release|Any CPU
		{0A4279CF-2A67-4868-9906-052E50C25F3B}.Release|Any CPU.Build.0 = Release|Any CPU
		{0A4279CF-2A67-4868-9906-052E50C25F3B}.Release|Any CPU.Deploy.0 = Release|Any CPU
		{0A4279CF-2A67-4868-9906-052E50C25F3B}.Release|ARM.ActiveCfg = Release|ARM
		{0A4279CF-2A67-4868-9906-052E50C25F3B}.Release|ARM.Build.0 = Release|ARM
		{0A4279CF-2A67-4868-9906-052E50C25F3B}.Release|ARM.Deploy.0 = Release|ARM
		{0A4279CF-2A67-4868-9906-052E50C25F3B}.Release|x64.ActiveCfg = Release|x64
		{0A4279CF-2A67-4868-9906-052E50C25F3B}.Release|x64.Build.0 = Release|x64
		{0A4279CF-2A67-4868-9906-052E50C25F3B}.Release|x64.Deploy.0 = Release|x64
		{0A4279CF-2A67-4868-9906-052E50C25F3B}.Release|x86.ActiveCfg = Release|x86
		{0A4279CF-2A67-4868-9906-052E50C25F3B}.Release|x86.Build.0 = Release|x86
		{0A4279CF-2A67-4868-9906-052E50C25F3B}.Release|x86.Deploy.0 = Release|x86
		{7E80F5E7-724A-4668-9333-B10F5D75C6D0}.Debug|Any CPU.ActiveCfg = Debug|Any CPU
		{7E80F5E7-724A-4668-9333-B10F5D75C6D0}.Debug|Any CPU.Build.0 = Debug|Any CPU
		{7E80F5E7-724A-4668-9333-B10F5D75C6D0}.Debug|Any CPU.Deploy.0 = Debug|Any CPU
		{7E80F5E7-724A-4668-9333-B10F5D75C6D0}.Debug|ARM.ActiveCfg = Debug|ARM
		{7E80F5E7-724A-4668-9333-B10F5D75C6D0}.Debug|ARM.Build.0 = Debug|ARM
		{7E80F5E7-724A-4668-9333-B10F5D75C6D0}.Debug|ARM.Deploy.0 = Debug|ARM
		{7E80F5E7-724A-4668-9333-B10F5D75C6D0}.Debug|x64.ActiveCfg = Debug|x64
		{7E80F5E7-724A-4668-9333-B10F5D75C6D0}.Debug|x64.Build.0 = Debug|x64
		{7E80F5E7-724A-4668-9333-B10F5D75C6D0}.Debug|x64.Deploy.0 = Debug|x64
		{7E80F5E7-724A-4668-9333-B10F5D75C6D0}.Debug|x86.ActiveCfg = Debug|x86
		{7E80F5E7-724A-4668-9333-B10F5D75C6D0}.Debug|x86.Build.0 = Debug|x86
		{7E80F5E7-724A-4668-9333-B10F5D75C6D0}.Debug|x86.Deploy.0 = Debug|x86
		{7E80F5E7-724A-4668-9333-B10F5D75C6D0}.Release|Any CPU.ActiveCfg = Release|Any CPU
		{7E80F5E7-724A-4668-9333-B10F5D75C6D0}.Release|Any CPU.Build.0 = Release|Any CPU
		{7E80F5E7-724A-4668-9333-B10F5D75C6D0}.Release|Any CPU.Deploy.0 = Release|Any CPU
		{7E80F5E7-724A-4668-9333-B10F5D75C6D0}.Release|ARM.ActiveCfg = Release|ARM
		{7E80F5E7-724A-4668-9333-B10F5D75C6D0}.Release|ARM.Build.0 = Release|ARM
		{7E80F5E7-724A-4668-9333-B10F5D75C6D0}.Release|ARM.Deploy.0 = Release|ARM
		{7E80F5E7-724A-4668-9333-B10F5D75C6D0}.Release|x64.ActiveCfg = Release|x64
		{7E80F5E7-724A-4668-9333-B10F5D75C6D0}.Release|x64.Build.0 = Release|x64
		{7E80F5E7-724A-4668-9333-B10F5D75C6D0}.Release|x64.Deploy.0 = Release|x64
		{7E80F5E7-724A-4668-9333-B10F5D75C6D0}.Release|x86.ActiveCfg = Release|x86
		{7E80F5E7-724A-4668-9333-B10F5D75C6D0}.Release|x86.Build.0 = Release|x86
		{7E80F5E7-724A-4668-9333-B10F5D75C6D0}.Release|x86.Deploy.0 = Release|x86
	EndGlobalSection
	GlobalSection(SolutionProperties) = preSolution
		HideSolutionNode = FALSE
	EndGlobalSection
EndGlobal
