
Microsoft Visual Studio Solution File, Format Version 12.00
# Visual Studio 14
VisualStudioVersion = 14.0.25420.1
MinimumVisualStudioVersion = 10.0.40219.1
Project("{FAE04EC0-301F-11D3-BF4B-00C04F79EFBC}") = "ModernKeePass.App", "ModernKeePass\ModernKeePass.App.csproj", "{A0CFC681-769B-405A-8482-0CDEE595A91F}"
EndProject
Project("{FAE04EC0-301F-11D3-BF4B-00C04F79EFBC}") = "ModernKeePass.AppTest", "ModernKeePassApp.Test\ModernKeePass.AppTest.csproj", "{7E80F5E7-724A-4668-9333-B10F5D75C6D0}"
EndProject
Project("{2150E333-8FDC-42A3-9474-1A3956D46DE8}") = "tests", "tests", "{107C7C00-56F4-41B0-A8CC-0156C46A3650}"
EndProject
Project("{2150E333-8FDC-42A3-9474-1A3956D46DE8}") = "solution items", "solution items", "{3779FC26-0435-4823-81F5-3F27A525E991}"
	ProjectSection(SolutionItems) = preProject
		PRIVACY = PRIVACY
		README.md = README.md
		UpdateVersion.ps1 = UpdateVersion.ps1
	EndProjectSection
EndProject
Project("{2150E333-8FDC-42A3-9474-1A3956D46DE8}") = "src", "src", "{0B30588B-07B8-4A88-A268-F58D06EA1627}"
EndProject
Project("{2150E333-8FDC-42A3-9474-1A3956D46DE8}") = "presentation", "presentation", "{C7DB9A6F-77A8-4FE5-83CB-9C11F7100647}"
EndProject
Project("{FAE04EC0-301F-11D3-BF4B-00C04F79EFBC}") = "ModernKeePass.Application", "ModernKeePass.Application\ModernKeePass.Application.csproj", "{42353562-5E43-459C-8E3E-2F21E575261D}"
EndProject
Project("{FAE04EC0-301F-11D3-BF4B-00C04F79EFBC}") = "ModernKeePass.Domain", "ModernKeePass.Domain\ModernKeePass.Domain.csproj", "{9A0759F1-9069-4841-99E3-3BEC44E17356}"
EndProject
Project("{FAE04EC0-301F-11D3-BF4B-00C04F79EFBC}") = "ModernKeePass.Infrastructure", "ModernKeePass.Infrastructure\ModernKeePass.Infrastructure.csproj", "{09577E4C-4899-45B9-BF80-1803D617CCAE}"
EndProject
Global
	GlobalSection(SolutionConfigurationPlatforms) = preSolution
		Debug|Any CPU = Debug|Any CPU
		Debug|ARM = Debug|ARM
		Debug|x64 = Debug|x64
		Debug|x86 = Debug|x86
		Release|Any CPU = Release|Any CPU
		Release|ARM = Release|ARM
		Release|x64 = Release|x64
		Release|x86 = Release|x86
	EndGlobalSection
	GlobalSection(ProjectConfigurationPlatforms) = postSolution
		{A0CFC681-769B-405A-8482-0CDEE595A91F}.Debug|Any CPU.ActiveCfg = Debug|Any CPU
		{A0CFC681-769B-405A-8482-0CDEE595A91F}.Debug|Any CPU.Build.0 = Debug|Any CPU
		{A0CFC681-769B-405A-8482-0CDEE595A91F}.Debug|Any CPU.Deploy.0 = Debug|Any CPU
		{A0CFC681-769B-405A-8482-0CDEE595A91F}.Debug|ARM.ActiveCfg = Debug|ARM
		{A0CFC681-769B-405A-8482-0CDEE595A91F}.Debug|ARM.Build.0 = Debug|ARM
		{A0CFC681-769B-405A-8482-0CDEE595A91F}.Debug|ARM.Deploy.0 = Debug|ARM
		{A0CFC681-769B-405A-8482-0CDEE595A91F}.Debug|x64.ActiveCfg = Debug|x64
		{A0CFC681-769B-405A-8482-0CDEE595A91F}.Debug|x64.Build.0 = Debug|x64
		{A0CFC681-769B-405A-8482-0CDEE595A91F}.Debug|x64.Deploy.0 = Debug|x64
		{A0CFC681-769B-405A-8482-0CDEE595A91F}.Debug|x86.ActiveCfg = Debug|x86
		{A0CFC681-769B-405A-8482-0CDEE595A91F}.Debug|x86.Build.0 = Debug|x86
		{A0CFC681-769B-405A-8482-0CDEE595A91F}.Debug|x86.Deploy.0 = Debug|x86
		{A0CFC681-769B-405A-8482-0CDEE595A91F}.Release|Any CPU.ActiveCfg = Release|Any CPU
		{A0CFC681-769B-405A-8482-0CDEE595A91F}.Release|Any CPU.Build.0 = Release|Any CPU
		{A0CFC681-769B-405A-8482-0CDEE595A91F}.Release|Any CPU.Deploy.0 = Release|Any CPU
		{A0CFC681-769B-405A-8482-0CDEE595A91F}.Release|ARM.ActiveCfg = Release|ARM
		{A0CFC681-769B-405A-8482-0CDEE595A91F}.Release|ARM.Build.0 = Release|ARM
		{A0CFC681-769B-405A-8482-0CDEE595A91F}.Release|ARM.Deploy.0 = Release|ARM
		{A0CFC681-769B-405A-8482-0CDEE595A91F}.Release|x64.ActiveCfg = Release|x64
		{A0CFC681-769B-405A-8482-0CDEE595A91F}.Release|x64.Build.0 = Release|x64
		{A0CFC681-769B-405A-8482-0CDEE595A91F}.Release|x64.Deploy.0 = Release|x64
		{A0CFC681-769B-405A-8482-0CDEE595A91F}.Release|x86.ActiveCfg = Release|x86
		{A0CFC681-769B-405A-8482-0CDEE595A91F}.Release|x86.Build.0 = Release|x86
		{A0CFC681-769B-405A-8482-0CDEE595A91F}.Release|x86.Deploy.0 = Release|x86
		{7E80F5E7-724A-4668-9333-B10F5D75C6D0}.Debug|Any CPU.ActiveCfg = Debug|Any CPU
		{7E80F5E7-724A-4668-9333-B10F5D75C6D0}.Debug|Any CPU.Build.0 = Debug|Any CPU
		{7E80F5E7-724A-4668-9333-B10F5D75C6D0}.Debug|Any CPU.Deploy.0 = Debug|Any CPU
		{7E80F5E7-724A-4668-9333-B10F5D75C6D0}.Debug|ARM.ActiveCfg = Debug|ARM
		{7E80F5E7-724A-4668-9333-B10F5D75C6D0}.Debug|ARM.Build.0 = Debug|ARM
		{7E80F5E7-724A-4668-9333-B10F5D75C6D0}.Debug|ARM.Deploy.0 = Debug|ARM
		{7E80F5E7-724A-4668-9333-B10F5D75C6D0}.Debug|x64.ActiveCfg = Debug|x64
		{7E80F5E7-724A-4668-9333-B10F5D75C6D0}.Debug|x64.Build.0 = Debug|x64
		{7E80F5E7-724A-4668-9333-B10F5D75C6D0}.Debug|x64.Deploy.0 = Debug|x64
		{7E80F5E7-724A-4668-9333-B10F5D75C6D0}.Debug|x86.ActiveCfg = Debug|x86
		{7E80F5E7-724A-4668-9333-B10F5D75C6D0}.Debug|x86.Build.0 = Debug|x86
		{7E80F5E7-724A-4668-9333-B10F5D75C6D0}.Debug|x86.Deploy.0 = Debug|x86
		{7E80F5E7-724A-4668-9333-B10F5D75C6D0}.Release|Any CPU.ActiveCfg = Release|Any CPU
		{7E80F5E7-724A-4668-9333-B10F5D75C6D0}.Release|Any CPU.Build.0 = Release|Any CPU
		{7E80F5E7-724A-4668-9333-B10F5D75C6D0}.Release|Any CPU.Deploy.0 = Release|Any CPU
		{7E80F5E7-724A-4668-9333-B10F5D75C6D0}.Release|ARM.ActiveCfg = Release|ARM
		{7E80F5E7-724A-4668-9333-B10F5D75C6D0}.Release|ARM.Build.0 = Release|ARM
		{7E80F5E7-724A-4668-9333-B10F5D75C6D0}.Release|ARM.Deploy.0 = Release|ARM
		{7E80F5E7-724A-4668-9333-B10F5D75C6D0}.Release|x64.ActiveCfg = Release|x64
		{7E80F5E7-724A-4668-9333-B10F5D75C6D0}.Release|x64.Build.0 = Release|x64
		{7E80F5E7-724A-4668-9333-B10F5D75C6D0}.Release|x64.Deploy.0 = Release|x64
		{7E80F5E7-724A-4668-9333-B10F5D75C6D0}.Release|x86.ActiveCfg = Release|x86
		{7E80F5E7-724A-4668-9333-B10F5D75C6D0}.Release|x86.Build.0 = Release|x86
		{7E80F5E7-724A-4668-9333-B10F5D75C6D0}.Release|x86.Deploy.0 = Release|x86
		{42353562-5E43-459C-8E3E-2F21E575261D}.Debug|Any CPU.ActiveCfg = Debug|Any CPU
		{42353562-5E43-459C-8E3E-2F21E575261D}.Debug|Any CPU.Build.0 = Debug|Any CPU
		{42353562-5E43-459C-8E3E-2F21E575261D}.Debug|ARM.ActiveCfg = Debug|Any CPU
		{42353562-5E43-459C-8E3E-2F21E575261D}.Debug|ARM.Build.0 = Debug|Any CPU
		{42353562-5E43-459C-8E3E-2F21E575261D}.Debug|x64.ActiveCfg = Debug|Any CPU
		{42353562-5E43-459C-8E3E-2F21E575261D}.Debug|x64.Build.0 = Debug|Any CPU
		{42353562-5E43-459C-8E3E-2F21E575261D}.Debug|x86.ActiveCfg = Debug|Any CPU
		{42353562-5E43-459C-8E3E-2F21E575261D}.Debug|x86.Build.0 = Debug|Any CPU
		{42353562-5E43-459C-8E3E-2F21E575261D}.Release|Any CPU.ActiveCfg = Release|Any CPU
		{42353562-5E43-459C-8E3E-2F21E575261D}.Release|Any CPU.Build.0 = Release|Any CPU
		{42353562-5E43-459C-8E3E-2F21E575261D}.Release|ARM.ActiveCfg = Release|Any CPU
		{42353562-5E43-459C-8E3E-2F21E575261D}.Release|ARM.Build.0 = Release|Any CPU
		{42353562-5E43-459C-8E3E-2F21E575261D}.Release|x64.ActiveCfg = Release|Any CPU
		{42353562-5E43-459C-8E3E-2F21E575261D}.Release|x64.Build.0 = Release|Any CPU
		{42353562-5E43-459C-8E3E-2F21E575261D}.Release|x86.ActiveCfg = Release|Any CPU
		{42353562-5E43-459C-8E3E-2F21E575261D}.Release|x86.Build.0 = Release|Any CPU
		{9A0759F1-9069-4841-99E3-3BEC44E17356}.Debug|Any CPU.ActiveCfg = Debug|Any CPU
		{9A0759F1-9069-4841-99E3-3BEC44E17356}.Debug|Any CPU.Build.0 = Debug|Any CPU
		{9A0759F1-9069-4841-99E3-3BEC44E17356}.Debug|ARM.ActiveCfg = Debug|Any CPU
		{9A0759F1-9069-4841-99E3-3BEC44E17356}.Debug|ARM.Build.0 = Debug|Any CPU
		{9A0759F1-9069-4841-99E3-3BEC44E17356}.Debug|x64.ActiveCfg = Debug|Any CPU
		{9A0759F1-9069-4841-99E3-3BEC44E17356}.Debug|x64.Build.0 = Debug|Any CPU
		{9A0759F1-9069-4841-99E3-3BEC44E17356}.Debug|x86.ActiveCfg = Debug|Any CPU
		{9A0759F1-9069-4841-99E3-3BEC44E17356}.Debug|x86.Build.0 = Debug|Any CPU
		{9A0759F1-9069-4841-99E3-3BEC44E17356}.Release|Any CPU.ActiveCfg = Release|Any CPU
		{9A0759F1-9069-4841-99E3-3BEC44E17356}.Release|Any CPU.Build.0 = Release|Any CPU
		{9A0759F1-9069-4841-99E3-3BEC44E17356}.Release|ARM.ActiveCfg = Release|Any CPU
		{9A0759F1-9069-4841-99E3-3BEC44E17356}.Release|ARM.Build.0 = Release|Any CPU
		{9A0759F1-9069-4841-99E3-3BEC44E17356}.Release|x64.ActiveCfg = Release|Any CPU
		{9A0759F1-9069-4841-99E3-3BEC44E17356}.Release|x64.Build.0 = Release|Any CPU
		{9A0759F1-9069-4841-99E3-3BEC44E17356}.Release|x86.ActiveCfg = Release|Any CPU
		{9A0759F1-9069-4841-99E3-3BEC44E17356}.Release|x86.Build.0 = Release|Any CPU
		{09577E4C-4899-45B9-BF80-1803D617CCAE}.Debug|Any CPU.ActiveCfg = Debug|Any CPU
		{09577E4C-4899-45B9-BF80-1803D617CCAE}.Debug|Any CPU.Build.0 = Debug|Any CPU
		{09577E4C-4899-45B9-BF80-1803D617CCAE}.Debug|ARM.ActiveCfg = Debug|Any CPU
		{09577E4C-4899-45B9-BF80-1803D617CCAE}.Debug|ARM.Build.0 = Debug|Any CPU
		{09577E4C-4899-45B9-BF80-1803D617CCAE}.Debug|x64.ActiveCfg = Debug|Any CPU
		{09577E4C-4899-45B9-BF80-1803D617CCAE}.Debug|x64.Build.0 = Debug|Any CPU
		{09577E4C-4899-45B9-BF80-1803D617CCAE}.Debug|x86.ActiveCfg = Debug|Any CPU
		{09577E4C-4899-45B9-BF80-1803D617CCAE}.Debug|x86.Build.0 = Debug|Any CPU
		{09577E4C-4899-45B9-BF80-1803D617CCAE}.Release|Any CPU.ActiveCfg = Release|Any CPU
		{09577E4C-4899-45B9-BF80-1803D617CCAE}.Release|Any CPU.Build.0 = Release|Any CPU
		{09577E4C-4899-45B9-BF80-1803D617CCAE}.Release|ARM.ActiveCfg = Release|Any CPU
		{09577E4C-4899-45B9-BF80-1803D617CCAE}.Release|ARM.Build.0 = Release|Any CPU
		{09577E4C-4899-45B9-BF80-1803D617CCAE}.Release|x64.ActiveCfg = Release|Any CPU
		{09577E4C-4899-45B9-BF80-1803D617CCAE}.Release|x64.Build.0 = Release|Any CPU
		{09577E4C-4899-45B9-BF80-1803D617CCAE}.Release|x86.ActiveCfg = Release|Any CPU
		{09577E4C-4899-45B9-BF80-1803D617CCAE}.Release|x86.Build.0 = Release|Any CPU
	EndGlobalSection
	GlobalSection(SolutionProperties) = preSolution
		HideSolutionNode = FALSE
	EndGlobalSection
	GlobalSection(NestedProjects) = preSolution
		{A0CFC681-769B-405A-8482-0CDEE595A91F} = {C7DB9A6F-77A8-4FE5-83CB-9C11F7100647}
		{7E80F5E7-724A-4668-9333-B10F5D75C6D0} = {107C7C00-56F4-41B0-A8CC-0156C46A3650}
		{C7DB9A6F-77A8-4FE5-83CB-9C11F7100647} = {0B30588B-07B8-4A88-A268-F58D06EA1627}
		{42353562-5E43-459C-8E3E-2F21E575261D} = {0B30588B-07B8-4A88-A268-F58D06EA1627}
		{9A0759F1-9069-4841-99E3-3BEC44E17356} = {0B30588B-07B8-4A88-A268-F58D06EA1627}
		{09577E4C-4899-45B9-BF80-1803D617CCAE} = {0B30588B-07B8-4A88-A268-F58D06EA1627}
	EndGlobalSection
	GlobalSection(ExtensibilityGlobals) = postSolution
		SolutionGuid = {0ADC1BC6-B1CA-427D-A97C-3CA40AAB0428}
	EndGlobalSection
EndGlobal
